
Microsoft Visual Studio Solution File, Format Version 12.00
# Visual Studio 15
VisualStudioVersion = 15.0.27703.2035
MinimumVisualStudioVersion = 10.0.40219.1
Project("{9A19103F-16F7-4668-BE54-9A1E7A4F7556}") = "DidDoneJobJournalService", "DidDoneJobJournalService\DidDoneJobJournalService.csproj", "{C0FD1732-60A6-4173-9B08-B9A81D4FBFDA}"
EndProject
Project("{FAE04EC0-301F-11D3-BF4B-00C04F79EFBC}") = "DidDoneClientWPF", "DidDoneClientWPF\DidDoneClientWPF.csproj", "{B3F2BDC4-115C-4119-A808-6BD19E2373AA}"
EndProject
Project("{FAE04EC0-301F-11D3-BF4B-00C04F79EFBC}") = "SharedClientLib", "SharedClientLib\SharedClientLib.csproj", "{20A52E8B-D749-428B-BE8C-4AEBB3FE2EEB}"
EndProject
Global
	GlobalSection(SolutionConfigurationPlatforms) = preSolution
		Debug|Any CPU = Debug|Any CPU
		Release|Any CPU = Release|Any CPU
	EndGlobalSection
	GlobalSection(ProjectConfigurationPlatforms) = postSolution
		{C0FD1732-60A6-4173-9B08-B9A81D4FBFDA}.Debug|Any CPU.ActiveCfg = Debug|Any CPU
		{C0FD1732-60A6-4173-9B08-B9A81D4FBFDA}.Debug|Any CPU.Build.0 = Debug|Any CPU
		{C0FD1732-60A6-4173-9B08-B9A81D4FBFDA}.Release|Any CPU.ActiveCfg = Release|Any CPU
		{C0FD1732-60A6-4173-9B08-B9A81D4FBFDA}.Release|Any CPU.Build.0 = Release|Any CPU
		{B3F2BDC4-115C-4119-A808-6BD19E2373AA}.Debug|Any CPU.ActiveCfg = Debug|Any CPU
		{B3F2BDC4-115C-4119-A808-6BD19E2373AA}.Debug|Any CPU.Build.0 = Debug|Any CPU
		{B3F2BDC4-115C-4119-A808-6BD19E2373AA}.Release|Any CPU.ActiveCfg = Release|Any CPU
		{B3F2BDC4-115C-4119-A808-6BD19E2373AA}.Release|Any CPU.Build.0 = Release|Any CPU
		{20A52E8B-D749-428B-BE8C-4AEBB3FE2EEB}.Debug|Any CPU.ActiveCfg = Debug|Any CPU
		{20A52E8B-D749-428B-BE8C-4AEBB3FE2EEB}.Debug|Any CPU.Build.0 = Debug|Any CPU
		{20A52E8B-D749-428B-BE8C-4AEBB3FE2EEB}.Release|Any CPU.ActiveCfg = Release|Any CPU
		{20A52E8B-D749-428B-BE8C-4AEBB3FE2EEB}.Release|Any CPU.Build.0 = Release|Any CPU
	EndGlobalSection
	GlobalSection(SolutionProperties) = preSolution
		HideSolutionNode = FALSE
	EndGlobalSection
	GlobalSection(ExtensibilityGlobals) = postSolution
		SolutionGuid = {80903088-8298-4E88-A33A-DC8D8701B486}
	EndGlobalSection
EndGlobal
