
Microsoft Visual Studio Solution File, Format Version 12.00
# Visual Studio 15
VisualStudioVersion = 15.0.27703.2035
MinimumVisualStudioVersion = 10.0.40219.1
Project("{9A19103F-16F7-4668-BE54-9A1E7A4F7556}") = "DidDoneJobJournalService", "DidDoneJobJournalService\DidDoneJobJournalService.csproj", "{C0FD1732-60A6-4173-9B08-B9A81D4FBFDA}"
EndProject
Project("{FAE04EC0-301F-11D3-BF4B-00C04F79EFBC}") = "DidDoneClientWPF", "DidDoneClientWPF\DidDoneClientWPF.csproj", "{B3F2BDC4-115C-4119-A808-6BD19E2373AA}"
EndProject
Project("{FAE04EC0-301F-11D3-BF4B-00C04F79EFBC}") = "DidDoneListApp.Android", "DidDoneListApp\DidDoneListApp.Android\DidDoneListApp.Android.csproj", "{E189E29B-B4B4-44FC-80A3-9C58323DF262}"
EndProject
Project("{FAE04EC0-301F-11D3-BF4B-00C04F79EFBC}") = "DidDoneListApp.iOS", "DidDoneListApp\DidDoneListApp.iOS\DidDoneListApp.iOS.csproj", "{8DAE96E1-E8F8-464C-B875-DD8416BFFA20}"
EndProject
Project("{FAE04EC0-301F-11D3-BF4B-00C04F79EFBC}") = "DidDoneListApp.UWP", "DidDoneListApp\DidDoneListApp.UWP\DidDoneListApp.UWP.csproj", "{6EAA8EA1-C161-442D-AB3C-388FB1157A04}"
EndProject
Project("{9A19103F-16F7-4668-BE54-9A1E7A4F7556}") = "DidDoneListApp", "DidDoneListApp\DidDoneListApp\DidDoneListApp.csproj", "{181E1307-5990-4D90-83EA-0B3C34C69CB5}"
EndProject
Project("{9A19103F-16F7-4668-BE54-9A1E7A4F7556}") = "DidDoneListModels", "DidDoneListModels\DidDoneListModels.csproj", "{F81B1299-CF45-4930-A4A8-3FA981C0C7D3}"
EndProject
Project("{9A19103F-16F7-4668-BE54-9A1E7A4F7556}") = "WebApiClientLib", "WebApiClientLib\WebApiClientLib.csproj", "{B9F4E9A1-6BAF-4A1E-B6A1-3739CE8DB2B8}"
EndProject
Project("{9A19103F-16F7-4668-BE54-9A1E7A4F7556}") = "DidDoneListApp_XUnitTest", "DidDoneListApp_XUnitTest\DidDoneListApp_XUnitTest.csproj", "{0FA570F6-85CD-4259-857C-0BB72AE23C8A}"
EndProject
Global
	GlobalSection(SolutionConfigurationPlatforms) = preSolution
		Ad-Hoc|Any CPU = Ad-Hoc|Any CPU
		Ad-Hoc|ARM = Ad-Hoc|ARM
		Ad-Hoc|iPhone = Ad-Hoc|iPhone
		Ad-Hoc|iPhoneSimulator = Ad-Hoc|iPhoneSimulator
		Ad-Hoc|x64 = Ad-Hoc|x64
		Ad-Hoc|x86 = Ad-Hoc|x86
		AppStore|Any CPU = AppStore|Any CPU
		AppStore|ARM = AppStore|ARM
		AppStore|iPhone = AppStore|iPhone
		AppStore|iPhoneSimulator = AppStore|iPhoneSimulator
		AppStore|x64 = AppStore|x64
		AppStore|x86 = AppStore|x86
		Debug|Any CPU = Debug|Any CPU
		Debug|ARM = Debug|ARM
		Debug|iPhone = Debug|iPhone
		Debug|iPhoneSimulator = Debug|iPhoneSimulator
		Debug|x64 = Debug|x64
		Debug|x86 = Debug|x86
		Release|Any CPU = Release|Any CPU
		Release|ARM = Release|ARM
		Release|iPhone = Release|iPhone
		Release|iPhoneSimulator = Release|iPhoneSimulator
		Release|x64 = Release|x64
		Release|x86 = Release|x86
	EndGlobalSection
	GlobalSection(ProjectConfigurationPlatforms) = postSolution
		{C0FD1732-60A6-4173-9B08-B9A81D4FBFDA}.Ad-Hoc|Any CPU.ActiveCfg = Release|Any CPU
		{C0FD1732-60A6-4173-9B08-B9A81D4FBFDA}.Ad-Hoc|Any CPU.Build.0 = Release|Any CPU
		{C0FD1732-60A6-4173-9B08-B9A81D4FBFDA}.Ad-Hoc|ARM.ActiveCfg = Release|Any CPU
		{C0FD1732-60A6-4173-9B08-B9A81D4FBFDA}.Ad-Hoc|ARM.Build.0 = Release|Any CPU
		{C0FD1732-60A6-4173-9B08-B9A81D4FBFDA}.Ad-Hoc|iPhone.ActiveCfg = Release|Any CPU
		{C0FD1732-60A6-4173-9B08-B9A81D4FBFDA}.Ad-Hoc|iPhone.Build.0 = Release|Any CPU
		{C0FD1732-60A6-4173-9B08-B9A81D4FBFDA}.Ad-Hoc|iPhoneSimulator.ActiveCfg = Release|Any CPU
		{C0FD1732-60A6-4173-9B08-B9A81D4FBFDA}.Ad-Hoc|iPhoneSimulator.Build.0 = Release|Any CPU
		{C0FD1732-60A6-4173-9B08-B9A81D4FBFDA}.Ad-Hoc|x64.ActiveCfg = Release|Any CPU
		{C0FD1732-60A6-4173-9B08-B9A81D4FBFDA}.Ad-Hoc|x64.Build.0 = Release|Any CPU
		{C0FD1732-60A6-4173-9B08-B9A81D4FBFDA}.Ad-Hoc|x86.ActiveCfg = Release|Any CPU
		{C0FD1732-60A6-4173-9B08-B9A81D4FBFDA}.Ad-Hoc|x86.Build.0 = Release|Any CPU
		{C0FD1732-60A6-4173-9B08-B9A81D4FBFDA}.AppStore|Any CPU.ActiveCfg = Release|Any CPU
		{C0FD1732-60A6-4173-9B08-B9A81D4FBFDA}.AppStore|Any CPU.Build.0 = Release|Any CPU
		{C0FD1732-60A6-4173-9B08-B9A81D4FBFDA}.AppStore|ARM.ActiveCfg = Release|Any CPU
		{C0FD1732-60A6-4173-9B08-B9A81D4FBFDA}.AppStore|ARM.Build.0 = Release|Any CPU
		{C0FD1732-60A6-4173-9B08-B9A81D4FBFDA}.AppStore|iPhone.ActiveCfg = Release|Any CPU
		{C0FD1732-60A6-4173-9B08-B9A81D4FBFDA}.AppStore|iPhone.Build.0 = Release|Any CPU
		{C0FD1732-60A6-4173-9B08-B9A81D4FBFDA}.AppStore|iPhoneSimulator.ActiveCfg = Release|Any CPU
		{C0FD1732-60A6-4173-9B08-B9A81D4FBFDA}.AppStore|iPhoneSimulator.Build.0 = Release|Any CPU
		{C0FD1732-60A6-4173-9B08-B9A81D4FBFDA}.AppStore|x64.ActiveCfg = Release|Any CPU
		{C0FD1732-60A6-4173-9B08-B9A81D4FBFDA}.AppStore|x64.Build.0 = Release|Any CPU
		{C0FD1732-60A6-4173-9B08-B9A81D4FBFDA}.AppStore|x86.ActiveCfg = Release|Any CPU
		{C0FD1732-60A6-4173-9B08-B9A81D4FBFDA}.AppStore|x86.Build.0 = Release|Any CPU
		{C0FD1732-60A6-4173-9B08-B9A81D4FBFDA}.Debug|Any CPU.ActiveCfg = Debug|Any CPU
		{C0FD1732-60A6-4173-9B08-B9A81D4FBFDA}.Debug|Any CPU.Build.0 = Debug|Any CPU
		{C0FD1732-60A6-4173-9B08-B9A81D4FBFDA}.Debug|ARM.ActiveCfg = Debug|Any CPU
		{C0FD1732-60A6-4173-9B08-B9A81D4FBFDA}.Debug|ARM.Build.0 = Debug|Any CPU
		{C0FD1732-60A6-4173-9B08-B9A81D4FBFDA}.Debug|iPhone.ActiveCfg = Debug|Any CPU
		{C0FD1732-60A6-4173-9B08-B9A81D4FBFDA}.Debug|iPhone.Build.0 = Debug|Any CPU
		{C0FD1732-60A6-4173-9B08-B9A81D4FBFDA}.Debug|iPhoneSimulator.ActiveCfg = Debug|Any CPU
		{C0FD1732-60A6-4173-9B08-B9A81D4FBFDA}.Debug|iPhoneSimulator.Build.0 = Debug|Any CPU
		{C0FD1732-60A6-4173-9B08-B9A81D4FBFDA}.Debug|x64.ActiveCfg = Debug|Any CPU
		{C0FD1732-60A6-4173-9B08-B9A81D4FBFDA}.Debug|x64.Build.0 = Debug|Any CPU
		{C0FD1732-60A6-4173-9B08-B9A81D4FBFDA}.Debug|x86.ActiveCfg = Debug|Any CPU
		{C0FD1732-60A6-4173-9B08-B9A81D4FBFDA}.Debug|x86.Build.0 = Debug|Any CPU
		{C0FD1732-60A6-4173-9B08-B9A81D4FBFDA}.Release|Any CPU.ActiveCfg = Release|Any CPU
		{C0FD1732-60A6-4173-9B08-B9A81D4FBFDA}.Release|Any CPU.Build.0 = Release|Any CPU
		{C0FD1732-60A6-4173-9B08-B9A81D4FBFDA}.Release|ARM.ActiveCfg = Release|Any CPU
		{C0FD1732-60A6-4173-9B08-B9A81D4FBFDA}.Release|ARM.Build.0 = Release|Any CPU
		{C0FD1732-60A6-4173-9B08-B9A81D4FBFDA}.Release|iPhone.ActiveCfg = Release|Any CPU
		{C0FD1732-60A6-4173-9B08-B9A81D4FBFDA}.Release|iPhone.Build.0 = Release|Any CPU
		{C0FD1732-60A6-4173-9B08-B9A81D4FBFDA}.Release|iPhoneSimulator.ActiveCfg = Release|Any CPU
		{C0FD1732-60A6-4173-9B08-B9A81D4FBFDA}.Release|iPhoneSimulator.Build.0 = Release|Any CPU
		{C0FD1732-60A6-4173-9B08-B9A81D4FBFDA}.Release|x64.ActiveCfg = Release|Any CPU
		{C0FD1732-60A6-4173-9B08-B9A81D4FBFDA}.Release|x64.Build.0 = Release|Any CPU
		{C0FD1732-60A6-4173-9B08-B9A81D4FBFDA}.Release|x86.ActiveCfg = Release|Any CPU
		{C0FD1732-60A6-4173-9B08-B9A81D4FBFDA}.Release|x86.Build.0 = Release|Any CPU
		{B3F2BDC4-115C-4119-A808-6BD19E2373AA}.Ad-Hoc|Any CPU.ActiveCfg = Release|Any CPU
		{B3F2BDC4-115C-4119-A808-6BD19E2373AA}.Ad-Hoc|Any CPU.Build.0 = Release|Any CPU
		{B3F2BDC4-115C-4119-A808-6BD19E2373AA}.Ad-Hoc|ARM.ActiveCfg = Release|Any CPU
		{B3F2BDC4-115C-4119-A808-6BD19E2373AA}.Ad-Hoc|ARM.Build.0 = Release|Any CPU
		{B3F2BDC4-115C-4119-A808-6BD19E2373AA}.Ad-Hoc|iPhone.ActiveCfg = Release|Any CPU
		{B3F2BDC4-115C-4119-A808-6BD19E2373AA}.Ad-Hoc|iPhone.Build.0 = Release|Any CPU
		{B3F2BDC4-115C-4119-A808-6BD19E2373AA}.Ad-Hoc|iPhoneSimulator.ActiveCfg = Release|Any CPU
		{B3F2BDC4-115C-4119-A808-6BD19E2373AA}.Ad-Hoc|iPhoneSimulator.Build.0 = Release|Any CPU
		{B3F2BDC4-115C-4119-A808-6BD19E2373AA}.Ad-Hoc|x64.ActiveCfg = Release|Any CPU
		{B3F2BDC4-115C-4119-A808-6BD19E2373AA}.Ad-Hoc|x64.Build.0 = Release|Any CPU
		{B3F2BDC4-115C-4119-A808-6BD19E2373AA}.Ad-Hoc|x86.ActiveCfg = Release|Any CPU
		{B3F2BDC4-115C-4119-A808-6BD19E2373AA}.Ad-Hoc|x86.Build.0 = Release|Any CPU
		{B3F2BDC4-115C-4119-A808-6BD19E2373AA}.AppStore|Any CPU.ActiveCfg = Release|Any CPU
		{B3F2BDC4-115C-4119-A808-6BD19E2373AA}.AppStore|Any CPU.Build.0 = Release|Any CPU
		{B3F2BDC4-115C-4119-A808-6BD19E2373AA}.AppStore|ARM.ActiveCfg = Release|Any CPU
		{B3F2BDC4-115C-4119-A808-6BD19E2373AA}.AppStore|ARM.Build.0 = Release|Any CPU
		{B3F2BDC4-115C-4119-A808-6BD19E2373AA}.AppStore|iPhone.ActiveCfg = Release|Any CPU
		{B3F2BDC4-115C-4119-A808-6BD19E2373AA}.AppStore|iPhone.Build.0 = Release|Any CPU
		{B3F2BDC4-115C-4119-A808-6BD19E2373AA}.AppStore|iPhoneSimulator.ActiveCfg = Release|Any CPU
		{B3F2BDC4-115C-4119-A808-6BD19E2373AA}.AppStore|iPhoneSimulator.Build.0 = Release|Any CPU
		{B3F2BDC4-115C-4119-A808-6BD19E2373AA}.AppStore|x64.ActiveCfg = Release|Any CPU
		{B3F2BDC4-115C-4119-A808-6BD19E2373AA}.AppStore|x64.Build.0 = Release|Any CPU
		{B3F2BDC4-115C-4119-A808-6BD19E2373AA}.AppStore|x86.ActiveCfg = Release|Any CPU
		{B3F2BDC4-115C-4119-A808-6BD19E2373AA}.AppStore|x86.Build.0 = Release|Any CPU
		{B3F2BDC4-115C-4119-A808-6BD19E2373AA}.Debug|Any CPU.ActiveCfg = Debug|Any CPU
		{B3F2BDC4-115C-4119-A808-6BD19E2373AA}.Debug|Any CPU.Build.0 = Debug|Any CPU
		{B3F2BDC4-115C-4119-A808-6BD19E2373AA}.Debug|ARM.ActiveCfg = Debug|Any CPU
		{B3F2BDC4-115C-4119-A808-6BD19E2373AA}.Debug|ARM.Build.0 = Debug|Any CPU
		{B3F2BDC4-115C-4119-A808-6BD19E2373AA}.Debug|iPhone.ActiveCfg = Debug|Any CPU
		{B3F2BDC4-115C-4119-A808-6BD19E2373AA}.Debug|iPhone.Build.0 = Debug|Any CPU
		{B3F2BDC4-115C-4119-A808-6BD19E2373AA}.Debug|iPhoneSimulator.ActiveCfg = Debug|Any CPU
		{B3F2BDC4-115C-4119-A808-6BD19E2373AA}.Debug|iPhoneSimulator.Build.0 = Debug|Any CPU
		{B3F2BDC4-115C-4119-A808-6BD19E2373AA}.Debug|x64.ActiveCfg = Debug|Any CPU
		{B3F2BDC4-115C-4119-A808-6BD19E2373AA}.Debug|x64.Build.0 = Debug|Any CPU
		{B3F2BDC4-115C-4119-A808-6BD19E2373AA}.Debug|x86.ActiveCfg = Debug|Any CPU
		{B3F2BDC4-115C-4119-A808-6BD19E2373AA}.Debug|x86.Build.0 = Debug|Any CPU
		{B3F2BDC4-115C-4119-A808-6BD19E2373AA}.Release|Any CPU.ActiveCfg = Release|Any CPU
		{B3F2BDC4-115C-4119-A808-6BD19E2373AA}.Release|Any CPU.Build.0 = Release|Any CPU
		{B3F2BDC4-115C-4119-A808-6BD19E2373AA}.Release|ARM.ActiveCfg = Release|Any CPU
		{B3F2BDC4-115C-4119-A808-6BD19E2373AA}.Release|ARM.Build.0 = Release|Any CPU
		{B3F2BDC4-115C-4119-A808-6BD19E2373AA}.Release|iPhone.ActiveCfg = Release|Any CPU
		{B3F2BDC4-115C-4119-A808-6BD19E2373AA}.Release|iPhone.Build.0 = Release|Any CPU
		{B3F2BDC4-115C-4119-A808-6BD19E2373AA}.Release|iPhoneSimulator.ActiveCfg = Release|Any CPU
		{B3F2BDC4-115C-4119-A808-6BD19E2373AA}.Release|iPhoneSimulator.Build.0 = Release|Any CPU
		{B3F2BDC4-115C-4119-A808-6BD19E2373AA}.Release|x64.ActiveCfg = Release|Any CPU
		{B3F2BDC4-115C-4119-A808-6BD19E2373AA}.Release|x64.Build.0 = Release|Any CPU
		{B3F2BDC4-115C-4119-A808-6BD19E2373AA}.Release|x86.ActiveCfg = Release|Any CPU
		{B3F2BDC4-115C-4119-A808-6BD19E2373AA}.Release|x86.Build.0 = Release|Any CPU
		{E189E29B-B4B4-44FC-80A3-9C58323DF262}.Ad-Hoc|Any CPU.ActiveCfg = Release|Any CPU
		{E189E29B-B4B4-44FC-80A3-9C58323DF262}.Ad-Hoc|Any CPU.Build.0 = Release|Any CPU
		{E189E29B-B4B4-44FC-80A3-9C58323DF262}.Ad-Hoc|Any CPU.Deploy.0 = Release|Any CPU
		{E189E29B-B4B4-44FC-80A3-9C58323DF262}.Ad-Hoc|ARM.ActiveCfg = Release|Any CPU
		{E189E29B-B4B4-44FC-80A3-9C58323DF262}.Ad-Hoc|ARM.Build.0 = Release|Any CPU
		{E189E29B-B4B4-44FC-80A3-9C58323DF262}.Ad-Hoc|ARM.Deploy.0 = Release|Any CPU
		{E189E29B-B4B4-44FC-80A3-9C58323DF262}.Ad-Hoc|iPhone.ActiveCfg = Release|Any CPU
		{E189E29B-B4B4-44FC-80A3-9C58323DF262}.Ad-Hoc|iPhone.Build.0 = Release|Any CPU
		{E189E29B-B4B4-44FC-80A3-9C58323DF262}.Ad-Hoc|iPhone.Deploy.0 = Release|Any CPU
		{E189E29B-B4B4-44FC-80A3-9C58323DF262}.Ad-Hoc|iPhoneSimulator.ActiveCfg = Release|Any CPU
		{E189E29B-B4B4-44FC-80A3-9C58323DF262}.Ad-Hoc|iPhoneSimulator.Build.0 = Release|Any CPU
		{E189E29B-B4B4-44FC-80A3-9C58323DF262}.Ad-Hoc|iPhoneSimulator.Deploy.0 = Release|Any CPU
		{E189E29B-B4B4-44FC-80A3-9C58323DF262}.Ad-Hoc|x64.ActiveCfg = Release|Any CPU
		{E189E29B-B4B4-44FC-80A3-9C58323DF262}.Ad-Hoc|x64.Build.0 = Release|Any CPU
		{E189E29B-B4B4-44FC-80A3-9C58323DF262}.Ad-Hoc|x64.Deploy.0 = Release|Any CPU
		{E189E29B-B4B4-44FC-80A3-9C58323DF262}.Ad-Hoc|x86.ActiveCfg = Release|Any CPU
		{E189E29B-B4B4-44FC-80A3-9C58323DF262}.Ad-Hoc|x86.Build.0 = Release|Any CPU
		{E189E29B-B4B4-44FC-80A3-9C58323DF262}.Ad-Hoc|x86.Deploy.0 = Release|Any CPU
		{E189E29B-B4B4-44FC-80A3-9C58323DF262}.AppStore|Any CPU.ActiveCfg = Release|Any CPU
		{E189E29B-B4B4-44FC-80A3-9C58323DF262}.AppStore|Any CPU.Build.0 = Release|Any CPU
		{E189E29B-B4B4-44FC-80A3-9C58323DF262}.AppStore|Any CPU.Deploy.0 = Release|Any CPU
		{E189E29B-B4B4-44FC-80A3-9C58323DF262}.AppStore|ARM.ActiveCfg = Release|Any CPU
		{E189E29B-B4B4-44FC-80A3-9C58323DF262}.AppStore|ARM.Build.0 = Release|Any CPU
		{E189E29B-B4B4-44FC-80A3-9C58323DF262}.AppStore|ARM.Deploy.0 = Release|Any CPU
		{E189E29B-B4B4-44FC-80A3-9C58323DF262}.AppStore|iPhone.ActiveCfg = Release|Any CPU
		{E189E29B-B4B4-44FC-80A3-9C58323DF262}.AppStore|iPhone.Build.0 = Release|Any CPU
		{E189E29B-B4B4-44FC-80A3-9C58323DF262}.AppStore|iPhone.Deploy.0 = Release|Any CPU
		{E189E29B-B4B4-44FC-80A3-9C58323DF262}.AppStore|iPhoneSimulator.ActiveCfg = Release|Any CPU
		{E189E29B-B4B4-44FC-80A3-9C58323DF262}.AppStore|iPhoneSimulator.Build.0 = Release|Any CPU
		{E189E29B-B4B4-44FC-80A3-9C58323DF262}.AppStore|iPhoneSimulator.Deploy.0 = Release|Any CPU
		{E189E29B-B4B4-44FC-80A3-9C58323DF262}.AppStore|x64.ActiveCfg = Release|Any CPU
		{E189E29B-B4B4-44FC-80A3-9C58323DF262}.AppStore|x64.Build.0 = Release|Any CPU
		{E189E29B-B4B4-44FC-80A3-9C58323DF262}.AppStore|x64.Deploy.0 = Release|Any CPU
		{E189E29B-B4B4-44FC-80A3-9C58323DF262}.AppStore|x86.ActiveCfg = Release|Any CPU
		{E189E29B-B4B4-44FC-80A3-9C58323DF262}.AppStore|x86.Build.0 = Release|Any CPU
		{E189E29B-B4B4-44FC-80A3-9C58323DF262}.AppStore|x86.Deploy.0 = Release|Any CPU
		{E189E29B-B4B4-44FC-80A3-9C58323DF262}.Debug|Any CPU.ActiveCfg = Debug|Any CPU
		{E189E29B-B4B4-44FC-80A3-9C58323DF262}.Debug|Any CPU.Build.0 = Debug|Any CPU
		{E189E29B-B4B4-44FC-80A3-9C58323DF262}.Debug|Any CPU.Deploy.0 = Debug|Any CPU
		{E189E29B-B4B4-44FC-80A3-9C58323DF262}.Debug|ARM.ActiveCfg = Debug|Any CPU
		{E189E29B-B4B4-44FC-80A3-9C58323DF262}.Debug|ARM.Build.0 = Debug|Any CPU
		{E189E29B-B4B4-44FC-80A3-9C58323DF262}.Debug|ARM.Deploy.0 = Debug|Any CPU
		{E189E29B-B4B4-44FC-80A3-9C58323DF262}.Debug|iPhone.ActiveCfg = Debug|Any CPU
		{E189E29B-B4B4-44FC-80A3-9C58323DF262}.Debug|iPhone.Build.0 = Debug|Any CPU
		{E189E29B-B4B4-44FC-80A3-9C58323DF262}.Debug|iPhone.Deploy.0 = Debug|Any CPU
		{E189E29B-B4B4-44FC-80A3-9C58323DF262}.Debug|iPhoneSimulator.ActiveCfg = Debug|Any CPU
		{E189E29B-B4B4-44FC-80A3-9C58323DF262}.Debug|iPhoneSimulator.Build.0 = Debug|Any CPU
		{E189E29B-B4B4-44FC-80A3-9C58323DF262}.Debug|iPhoneSimulator.Deploy.0 = Debug|Any CPU
		{E189E29B-B4B4-44FC-80A3-9C58323DF262}.Debug|x64.ActiveCfg = Debug|Any CPU
		{E189E29B-B4B4-44FC-80A3-9C58323DF262}.Debug|x64.Build.0 = Debug|Any CPU
		{E189E29B-B4B4-44FC-80A3-9C58323DF262}.Debug|x64.Deploy.0 = Debug|Any CPU
		{E189E29B-B4B4-44FC-80A3-9C58323DF262}.Debug|x86.ActiveCfg = Debug|Any CPU
		{E189E29B-B4B4-44FC-80A3-9C58323DF262}.Debug|x86.Build.0 = Debug|Any CPU
		{E189E29B-B4B4-44FC-80A3-9C58323DF262}.Release|Any CPU.ActiveCfg = Release|Any CPU
		{E189E29B-B4B4-44FC-80A3-9C58323DF262}.Release|Any CPU.Build.0 = Release|Any CPU
		{E189E29B-B4B4-44FC-80A3-9C58323DF262}.Release|Any CPU.Deploy.0 = Release|Any CPU
		{E189E29B-B4B4-44FC-80A3-9C58323DF262}.Release|ARM.ActiveCfg = Release|Any CPU
		{E189E29B-B4B4-44FC-80A3-9C58323DF262}.Release|ARM.Build.0 = Release|Any CPU
		{E189E29B-B4B4-44FC-80A3-9C58323DF262}.Release|ARM.Deploy.0 = Release|Any CPU
		{E189E29B-B4B4-44FC-80A3-9C58323DF262}.Release|iPhone.ActiveCfg = Release|Any CPU
		{E189E29B-B4B4-44FC-80A3-9C58323DF262}.Release|iPhone.Build.0 = Release|Any CPU
		{E189E29B-B4B4-44FC-80A3-9C58323DF262}.Release|iPhone.Deploy.0 = Release|Any CPU
		{E189E29B-B4B4-44FC-80A3-9C58323DF262}.Release|iPhoneSimulator.ActiveCfg = Release|Any CPU
		{E189E29B-B4B4-44FC-80A3-9C58323DF262}.Release|iPhoneSimulator.Build.0 = Release|Any CPU
		{E189E29B-B4B4-44FC-80A3-9C58323DF262}.Release|iPhoneSimulator.Deploy.0 = Release|Any CPU
		{E189E29B-B4B4-44FC-80A3-9C58323DF262}.Release|x64.ActiveCfg = Release|Any CPU
		{E189E29B-B4B4-44FC-80A3-9C58323DF262}.Release|x64.Build.0 = Release|Any CPU
		{E189E29B-B4B4-44FC-80A3-9C58323DF262}.Release|x64.Deploy.0 = Release|Any CPU
		{E189E29B-B4B4-44FC-80A3-9C58323DF262}.Release|x86.ActiveCfg = Release|Any CPU
		{E189E29B-B4B4-44FC-80A3-9C58323DF262}.Release|x86.Build.0 = Release|Any CPU
		{E189E29B-B4B4-44FC-80A3-9C58323DF262}.Release|x86.Deploy.0 = Release|Any CPU
		{8DAE96E1-E8F8-464C-B875-DD8416BFFA20}.Ad-Hoc|Any CPU.ActiveCfg = Ad-Hoc|iPhone
		{8DAE96E1-E8F8-464C-B875-DD8416BFFA20}.Ad-Hoc|ARM.ActiveCfg = Ad-Hoc|iPhone
		{8DAE96E1-E8F8-464C-B875-DD8416BFFA20}.Ad-Hoc|iPhone.ActiveCfg = Ad-Hoc|iPhone
		{8DAE96E1-E8F8-464C-B875-DD8416BFFA20}.Ad-Hoc|iPhone.Build.0 = Ad-Hoc|iPhone
		{8DAE96E1-E8F8-464C-B875-DD8416BFFA20}.Ad-Hoc|iPhoneSimulator.ActiveCfg = Ad-Hoc|iPhoneSimulator
		{8DAE96E1-E8F8-464C-B875-DD8416BFFA20}.Ad-Hoc|iPhoneSimulator.Build.0 = Ad-Hoc|iPhoneSimulator
		{8DAE96E1-E8F8-464C-B875-DD8416BFFA20}.Ad-Hoc|x64.ActiveCfg = Ad-Hoc|iPhone
		{8DAE96E1-E8F8-464C-B875-DD8416BFFA20}.Ad-Hoc|x86.ActiveCfg = Ad-Hoc|iPhone
		{8DAE96E1-E8F8-464C-B875-DD8416BFFA20}.AppStore|Any CPU.ActiveCfg = AppStore|iPhone
		{8DAE96E1-E8F8-464C-B875-DD8416BFFA20}.AppStore|ARM.ActiveCfg = AppStore|iPhone
		{8DAE96E1-E8F8-464C-B875-DD8416BFFA20}.AppStore|iPhone.ActiveCfg = AppStore|iPhone
		{8DAE96E1-E8F8-464C-B875-DD8416BFFA20}.AppStore|iPhone.Build.0 = AppStore|iPhone
		{8DAE96E1-E8F8-464C-B875-DD8416BFFA20}.AppStore|iPhoneSimulator.ActiveCfg = AppStore|iPhoneSimulator
		{8DAE96E1-E8F8-464C-B875-DD8416BFFA20}.AppStore|iPhoneSimulator.Build.0 = AppStore|iPhoneSimulator
		{8DAE96E1-E8F8-464C-B875-DD8416BFFA20}.AppStore|x64.ActiveCfg = AppStore|iPhone
		{8DAE96E1-E8F8-464C-B875-DD8416BFFA20}.AppStore|x86.ActiveCfg = AppStore|iPhone
		{8DAE96E1-E8F8-464C-B875-DD8416BFFA20}.Debug|Any CPU.ActiveCfg = Debug|iPhone
		{8DAE96E1-E8F8-464C-B875-DD8416BFFA20}.Debug|ARM.ActiveCfg = Debug|iPhone
		{8DAE96E1-E8F8-464C-B875-DD8416BFFA20}.Debug|iPhone.ActiveCfg = Debug|iPhone
		{8DAE96E1-E8F8-464C-B875-DD8416BFFA20}.Debug|iPhone.Build.0 = Debug|iPhone
		{8DAE96E1-E8F8-464C-B875-DD8416BFFA20}.Debug|iPhoneSimulator.ActiveCfg = Debug|iPhoneSimulator
		{8DAE96E1-E8F8-464C-B875-DD8416BFFA20}.Debug|iPhoneSimulator.Build.0 = Debug|iPhoneSimulator
		{8DAE96E1-E8F8-464C-B875-DD8416BFFA20}.Debug|x64.ActiveCfg = Debug|iPhone
		{8DAE96E1-E8F8-464C-B875-DD8416BFFA20}.Debug|x86.ActiveCfg = Debug|iPhone
		{8DAE96E1-E8F8-464C-B875-DD8416BFFA20}.Release|Any CPU.ActiveCfg = Release|iPhone
		{8DAE96E1-E8F8-464C-B875-DD8416BFFA20}.Release|ARM.ActiveCfg = Release|iPhone
		{8DAE96E1-E8F8-464C-B875-DD8416BFFA20}.Release|iPhone.ActiveCfg = Release|iPhone
		{8DAE96E1-E8F8-464C-B875-DD8416BFFA20}.Release|iPhone.Build.0 = Release|iPhone
		{8DAE96E1-E8F8-464C-B875-DD8416BFFA20}.Release|iPhoneSimulator.ActiveCfg = Release|iPhoneSimulator
		{8DAE96E1-E8F8-464C-B875-DD8416BFFA20}.Release|iPhoneSimulator.Build.0 = Release|iPhoneSimulator
		{8DAE96E1-E8F8-464C-B875-DD8416BFFA20}.Release|x64.ActiveCfg = Release|iPhone
		{8DAE96E1-E8F8-464C-B875-DD8416BFFA20}.Release|x86.ActiveCfg = Release|iPhone
		{6EAA8EA1-C161-442D-AB3C-388FB1157A04}.Ad-Hoc|Any CPU.ActiveCfg = Release|x86
		{6EAA8EA1-C161-442D-AB3C-388FB1157A04}.Ad-Hoc|Any CPU.Build.0 = Release|x86
		{6EAA8EA1-C161-442D-AB3C-388FB1157A04}.Ad-Hoc|Any CPU.Deploy.0 = Release|x86
		{6EAA8EA1-C161-442D-AB3C-388FB1157A04}.Ad-Hoc|ARM.ActiveCfg = Release|ARM
		{6EAA8EA1-C161-442D-AB3C-388FB1157A04}.Ad-Hoc|ARM.Build.0 = Release|ARM
		{6EAA8EA1-C161-442D-AB3C-388FB1157A04}.Ad-Hoc|ARM.Deploy.0 = Release|ARM
		{6EAA8EA1-C161-442D-AB3C-388FB1157A04}.Ad-Hoc|iPhone.ActiveCfg = Release|x86
		{6EAA8EA1-C161-442D-AB3C-388FB1157A04}.Ad-Hoc|iPhone.Build.0 = Release|x86
		{6EAA8EA1-C161-442D-AB3C-388FB1157A04}.Ad-Hoc|iPhone.Deploy.0 = Release|x86
		{6EAA8EA1-C161-442D-AB3C-388FB1157A04}.Ad-Hoc|iPhoneSimulator.ActiveCfg = Release|x86
		{6EAA8EA1-C161-442D-AB3C-388FB1157A04}.Ad-Hoc|iPhoneSimulator.Build.0 = Release|x86
		{6EAA8EA1-C161-442D-AB3C-388FB1157A04}.Ad-Hoc|iPhoneSimulator.Deploy.0 = Release|x86
		{6EAA8EA1-C161-442D-AB3C-388FB1157A04}.Ad-Hoc|x64.ActiveCfg = Release|x64
		{6EAA8EA1-C161-442D-AB3C-388FB1157A04}.Ad-Hoc|x64.Build.0 = Release|x64
		{6EAA8EA1-C161-442D-AB3C-388FB1157A04}.Ad-Hoc|x64.Deploy.0 = Release|x64
		{6EAA8EA1-C161-442D-AB3C-388FB1157A04}.Ad-Hoc|x86.ActiveCfg = Release|x86
		{6EAA8EA1-C161-442D-AB3C-388FB1157A04}.Ad-Hoc|x86.Build.0 = Release|x86
		{6EAA8EA1-C161-442D-AB3C-388FB1157A04}.Ad-Hoc|x86.Deploy.0 = Release|x86
		{6EAA8EA1-C161-442D-AB3C-388FB1157A04}.AppStore|Any CPU.ActiveCfg = Release|x86
		{6EAA8EA1-C161-442D-AB3C-388FB1157A04}.AppStore|Any CPU.Build.0 = Release|x86
		{6EAA8EA1-C161-442D-AB3C-388FB1157A04}.AppStore|Any CPU.Deploy.0 = Release|x86
		{6EAA8EA1-C161-442D-AB3C-388FB1157A04}.AppStore|ARM.ActiveCfg = Release|ARM
		{6EAA8EA1-C161-442D-AB3C-388FB1157A04}.AppStore|ARM.Build.0 = Release|ARM
		{6EAA8EA1-C161-442D-AB3C-388FB1157A04}.AppStore|ARM.Deploy.0 = Release|ARM
		{6EAA8EA1-C161-442D-AB3C-388FB1157A04}.AppStore|iPhone.ActiveCfg = Release|x86
		{6EAA8EA1-C161-442D-AB3C-388FB1157A04}.AppStore|iPhone.Build.0 = Release|x86
		{6EAA8EA1-C161-442D-AB3C-388FB1157A04}.AppStore|iPhone.Deploy.0 = Release|x86
		{6EAA8EA1-C161-442D-AB3C-388FB1157A04}.AppStore|iPhoneSimulator.ActiveCfg = Release|x86
		{6EAA8EA1-C161-442D-AB3C-388FB1157A04}.AppStore|iPhoneSimulator.Build.0 = Release|x86
		{6EAA8EA1-C161-442D-AB3C-388FB1157A04}.AppStore|iPhoneSimulator.Deploy.0 = Release|x86
		{6EAA8EA1-C161-442D-AB3C-388FB1157A04}.AppStore|x64.ActiveCfg = Release|x64
		{6EAA8EA1-C161-442D-AB3C-388FB1157A04}.AppStore|x64.Build.0 = Release|x64
		{6EAA8EA1-C161-442D-AB3C-388FB1157A04}.AppStore|x64.Deploy.0 = Release|x64
		{6EAA8EA1-C161-442D-AB3C-388FB1157A04}.AppStore|x86.ActiveCfg = Release|x86
		{6EAA8EA1-C161-442D-AB3C-388FB1157A04}.AppStore|x86.Build.0 = Release|x86
		{6EAA8EA1-C161-442D-AB3C-388FB1157A04}.AppStore|x86.Deploy.0 = Release|x86
		{6EAA8EA1-C161-442D-AB3C-388FB1157A04}.Debug|Any CPU.ActiveCfg = Debug|x86
		{6EAA8EA1-C161-442D-AB3C-388FB1157A04}.Debug|Any CPU.Build.0 = Debug|x86
		{6EAA8EA1-C161-442D-AB3C-388FB1157A04}.Debug|Any CPU.Deploy.0 = Debug|x86
		{6EAA8EA1-C161-442D-AB3C-388FB1157A04}.Debug|ARM.ActiveCfg = Debug|ARM
		{6EAA8EA1-C161-442D-AB3C-388FB1157A04}.Debug|ARM.Build.0 = Debug|ARM
		{6EAA8EA1-C161-442D-AB3C-388FB1157A04}.Debug|ARM.Deploy.0 = Debug|ARM
		{6EAA8EA1-C161-442D-AB3C-388FB1157A04}.Debug|iPhone.ActiveCfg = Debug|x86
		{6EAA8EA1-C161-442D-AB3C-388FB1157A04}.Debug|iPhoneSimulator.ActiveCfg = Debug|x86
		{6EAA8EA1-C161-442D-AB3C-388FB1157A04}.Debug|x64.ActiveCfg = Debug|x64
		{6EAA8EA1-C161-442D-AB3C-388FB1157A04}.Debug|x64.Build.0 = Debug|x64
		{6EAA8EA1-C161-442D-AB3C-388FB1157A04}.Debug|x64.Deploy.0 = Debug|x64
		{6EAA8EA1-C161-442D-AB3C-388FB1157A04}.Debug|x86.ActiveCfg = Debug|x86
		{6EAA8EA1-C161-442D-AB3C-388FB1157A04}.Debug|x86.Build.0 = Debug|x86
		{6EAA8EA1-C161-442D-AB3C-388FB1157A04}.Debug|x86.Deploy.0 = Debug|x86
		{6EAA8EA1-C161-442D-AB3C-388FB1157A04}.Release|Any CPU.ActiveCfg = Release|x86
		{6EAA8EA1-C161-442D-AB3C-388FB1157A04}.Release|ARM.ActiveCfg = Release|ARM
		{6EAA8EA1-C161-442D-AB3C-388FB1157A04}.Release|ARM.Build.0 = Release|ARM
		{6EAA8EA1-C161-442D-AB3C-388FB1157A04}.Release|ARM.Deploy.0 = Release|ARM
		{6EAA8EA1-C161-442D-AB3C-388FB1157A04}.Release|iPhone.ActiveCfg = Release|x86
		{6EAA8EA1-C161-442D-AB3C-388FB1157A04}.Release|iPhoneSimulator.ActiveCfg = Release|x86
		{6EAA8EA1-C161-442D-AB3C-388FB1157A04}.Release|x64.ActiveCfg = Release|x64
		{6EAA8EA1-C161-442D-AB3C-388FB1157A04}.Release|x64.Build.0 = Release|x64
		{6EAA8EA1-C161-442D-AB3C-388FB1157A04}.Release|x64.Deploy.0 = Release|x64
		{6EAA8EA1-C161-442D-AB3C-388FB1157A04}.Release|x86.ActiveCfg = Release|x86
		{6EAA8EA1-C161-442D-AB3C-388FB1157A04}.Release|x86.Build.0 = Release|x86
		{6EAA8EA1-C161-442D-AB3C-388FB1157A04}.Release|x86.Deploy.0 = Release|x86
		{181E1307-5990-4D90-83EA-0B3C34C69CB5}.Ad-Hoc|Any CPU.ActiveCfg = Debug|Any CPU
		{181E1307-5990-4D90-83EA-0B3C34C69CB5}.Ad-Hoc|Any CPU.Build.0 = Debug|Any CPU
		{181E1307-5990-4D90-83EA-0B3C34C69CB5}.Ad-Hoc|ARM.ActiveCfg = Debug|Any CPU
		{181E1307-5990-4D90-83EA-0B3C34C69CB5}.Ad-Hoc|ARM.Build.0 = Debug|Any CPU
		{181E1307-5990-4D90-83EA-0B3C34C69CB5}.Ad-Hoc|iPhone.ActiveCfg = Debug|Any CPU
		{181E1307-5990-4D90-83EA-0B3C34C69CB5}.Ad-Hoc|iPhone.Build.0 = Debug|Any CPU
		{181E1307-5990-4D90-83EA-0B3C34C69CB5}.Ad-Hoc|iPhoneSimulator.ActiveCfg = Debug|Any CPU
		{181E1307-5990-4D90-83EA-0B3C34C69CB5}.Ad-Hoc|iPhoneSimulator.Build.0 = Debug|Any CPU
		{181E1307-5990-4D90-83EA-0B3C34C69CB5}.Ad-Hoc|x64.ActiveCfg = Debug|Any CPU
		{181E1307-5990-4D90-83EA-0B3C34C69CB5}.Ad-Hoc|x64.Build.0 = Debug|Any CPU
		{181E1307-5990-4D90-83EA-0B3C34C69CB5}.Ad-Hoc|x86.ActiveCfg = Debug|Any CPU
		{181E1307-5990-4D90-83EA-0B3C34C69CB5}.Ad-Hoc|x86.Build.0 = Debug|Any CPU
		{181E1307-5990-4D90-83EA-0B3C34C69CB5}.AppStore|Any CPU.ActiveCfg = Debug|Any CPU
		{181E1307-5990-4D90-83EA-0B3C34C69CB5}.AppStore|Any CPU.Build.0 = Debug|Any CPU
		{181E1307-5990-4D90-83EA-0B3C34C69CB5}.AppStore|ARM.ActiveCfg = Debug|Any CPU
		{181E1307-5990-4D90-83EA-0B3C34C69CB5}.AppStore|ARM.Build.0 = Debug|Any CPU
		{181E1307-5990-4D90-83EA-0B3C34C69CB5}.AppStore|iPhone.ActiveCfg = Debug|Any CPU
		{181E1307-5990-4D90-83EA-0B3C34C69CB5}.AppStore|iPhone.Build.0 = Debug|Any CPU
		{181E1307-5990-4D90-83EA-0B3C34C69CB5}.AppStore|iPhoneSimulator.ActiveCfg = Debug|Any CPU
		{181E1307-5990-4D90-83EA-0B3C34C69CB5}.AppStore|iPhoneSimulator.Build.0 = Debug|Any CPU
		{181E1307-5990-4D90-83EA-0B3C34C69CB5}.AppStore|x64.ActiveCfg = Debug|Any CPU
		{181E1307-5990-4D90-83EA-0B3C34C69CB5}.AppStore|x64.Build.0 = Debug|Any CPU
		{181E1307-5990-4D90-83EA-0B3C34C69CB5}.AppStore|x86.ActiveCfg = Debug|Any CPU
		{181E1307-5990-4D90-83EA-0B3C34C69CB5}.AppStore|x86.Build.0 = Debug|Any CPU
		{181E1307-5990-4D90-83EA-0B3C34C69CB5}.Debug|Any CPU.ActiveCfg = Debug|Any CPU
		{181E1307-5990-4D90-83EA-0B3C34C69CB5}.Debug|Any CPU.Build.0 = Debug|Any CPU
		{181E1307-5990-4D90-83EA-0B3C34C69CB5}.Debug|ARM.ActiveCfg = Debug|Any CPU
		{181E1307-5990-4D90-83EA-0B3C34C69CB5}.Debug|ARM.Build.0 = Debug|Any CPU
		{181E1307-5990-4D90-83EA-0B3C34C69CB5}.Debug|iPhone.ActiveCfg = Debug|Any CPU
		{181E1307-5990-4D90-83EA-0B3C34C69CB5}.Debug|iPhone.Build.0 = Debug|Any CPU
		{181E1307-5990-4D90-83EA-0B3C34C69CB5}.Debug|iPhoneSimulator.ActiveCfg = Debug|Any CPU
		{181E1307-5990-4D90-83EA-0B3C34C69CB5}.Debug|iPhoneSimulator.Build.0 = Debug|Any CPU
		{181E1307-5990-4D90-83EA-0B3C34C69CB5}.Debug|x64.ActiveCfg = Debug|Any CPU
		{181E1307-5990-4D90-83EA-0B3C34C69CB5}.Debug|x64.Build.0 = Debug|Any CPU
		{181E1307-5990-4D90-83EA-0B3C34C69CB5}.Debug|x86.ActiveCfg = Debug|Any CPU
		{181E1307-5990-4D90-83EA-0B3C34C69CB5}.Debug|x86.Build.0 = Debug|Any CPU
		{181E1307-5990-4D90-83EA-0B3C34C69CB5}.Release|Any CPU.ActiveCfg = Release|Any CPU
		{181E1307-5990-4D90-83EA-0B3C34C69CB5}.Release|Any CPU.Build.0 = Release|Any CPU
		{181E1307-5990-4D90-83EA-0B3C34C69CB5}.Release|ARM.ActiveCfg = Release|Any CPU
		{181E1307-5990-4D90-83EA-0B3C34C69CB5}.Release|ARM.Build.0 = Release|Any CPU
		{181E1307-5990-4D90-83EA-0B3C34C69CB5}.Release|iPhone.ActiveCfg = Release|Any CPU
		{181E1307-5990-4D90-83EA-0B3C34C69CB5}.Release|iPhone.Build.0 = Release|Any CPU
		{181E1307-5990-4D90-83EA-0B3C34C69CB5}.Release|iPhoneSimulator.ActiveCfg = Release|Any CPU
		{181E1307-5990-4D90-83EA-0B3C34C69CB5}.Release|iPhoneSimulator.Build.0 = Release|Any CPU
		{181E1307-5990-4D90-83EA-0B3C34C69CB5}.Release|x64.ActiveCfg = Release|Any CPU
		{181E1307-5990-4D90-83EA-0B3C34C69CB5}.Release|x64.Build.0 = Release|Any CPU
		{181E1307-5990-4D90-83EA-0B3C34C69CB5}.Release|x86.ActiveCfg = Release|Any CPU
		{181E1307-5990-4D90-83EA-0B3C34C69CB5}.Release|x86.Build.0 = Release|Any CPU
		{F81B1299-CF45-4930-A4A8-3FA981C0C7D3}.Ad-Hoc|Any CPU.ActiveCfg = Debug|Any CPU
		{F81B1299-CF45-4930-A4A8-3FA981C0C7D3}.Ad-Hoc|Any CPU.Build.0 = Debug|Any CPU
		{F81B1299-CF45-4930-A4A8-3FA981C0C7D3}.Ad-Hoc|ARM.ActiveCfg = Debug|Any CPU
		{F81B1299-CF45-4930-A4A8-3FA981C0C7D3}.Ad-Hoc|ARM.Build.0 = Debug|Any CPU
		{F81B1299-CF45-4930-A4A8-3FA981C0C7D3}.Ad-Hoc|iPhone.ActiveCfg = Debug|Any CPU
		{F81B1299-CF45-4930-A4A8-3FA981C0C7D3}.Ad-Hoc|iPhone.Build.0 = Debug|Any CPU
		{F81B1299-CF45-4930-A4A8-3FA981C0C7D3}.Ad-Hoc|iPhoneSimulator.ActiveCfg = Debug|Any CPU
		{F81B1299-CF45-4930-A4A8-3FA981C0C7D3}.Ad-Hoc|iPhoneSimulator.Build.0 = Debug|Any CPU
		{F81B1299-CF45-4930-A4A8-3FA981C0C7D3}.Ad-Hoc|x64.ActiveCfg = Debug|Any CPU
		{F81B1299-CF45-4930-A4A8-3FA981C0C7D3}.Ad-Hoc|x64.Build.0 = Debug|Any CPU
		{F81B1299-CF45-4930-A4A8-3FA981C0C7D3}.Ad-Hoc|x86.ActiveCfg = Debug|Any CPU
		{F81B1299-CF45-4930-A4A8-3FA981C0C7D3}.Ad-Hoc|x86.Build.0 = Debug|Any CPU
		{F81B1299-CF45-4930-A4A8-3FA981C0C7D3}.AppStore|Any CPU.ActiveCfg = Debug|Any CPU
		{F81B1299-CF45-4930-A4A8-3FA981C0C7D3}.AppStore|Any CPU.Build.0 = Debug|Any CPU
		{F81B1299-CF45-4930-A4A8-3FA981C0C7D3}.AppStore|ARM.ActiveCfg = Debug|Any CPU
		{F81B1299-CF45-4930-A4A8-3FA981C0C7D3}.AppStore|ARM.Build.0 = Debug|Any CPU
		{F81B1299-CF45-4930-A4A8-3FA981C0C7D3}.AppStore|iPhone.ActiveCfg = Debug|Any CPU
		{F81B1299-CF45-4930-A4A8-3FA981C0C7D3}.AppStore|iPhone.Build.0 = Debug|Any CPU
		{F81B1299-CF45-4930-A4A8-3FA981C0C7D3}.AppStore|iPhoneSimulator.ActiveCfg = Debug|Any CPU
		{F81B1299-CF45-4930-A4A8-3FA981C0C7D3}.AppStore|iPhoneSimulator.Build.0 = Debug|Any CPU
		{F81B1299-CF45-4930-A4A8-3FA981C0C7D3}.AppStore|x64.ActiveCfg = Debug|Any CPU
		{F81B1299-CF45-4930-A4A8-3FA981C0C7D3}.AppStore|x64.Build.0 = Debug|Any CPU
		{F81B1299-CF45-4930-A4A8-3FA981C0C7D3}.AppStore|x86.ActiveCfg = Debug|Any CPU
		{F81B1299-CF45-4930-A4A8-3FA981C0C7D3}.AppStore|x86.Build.0 = Debug|Any CPU
		{F81B1299-CF45-4930-A4A8-3FA981C0C7D3}.Debug|Any CPU.ActiveCfg = Debug|Any CPU
		{F81B1299-CF45-4930-A4A8-3FA981C0C7D3}.Debug|Any CPU.Build.0 = Debug|Any CPU
		{F81B1299-CF45-4930-A4A8-3FA981C0C7D3}.Debug|ARM.ActiveCfg = Debug|Any CPU
		{F81B1299-CF45-4930-A4A8-3FA981C0C7D3}.Debug|ARM.Build.0 = Debug|Any CPU
		{F81B1299-CF45-4930-A4A8-3FA981C0C7D3}.Debug|iPhone.ActiveCfg = Debug|Any CPU
		{F81B1299-CF45-4930-A4A8-3FA981C0C7D3}.Debug|iPhone.Build.0 = Debug|Any CPU
		{F81B1299-CF45-4930-A4A8-3FA981C0C7D3}.Debug|iPhoneSimulator.ActiveCfg = Debug|Any CPU
		{F81B1299-CF45-4930-A4A8-3FA981C0C7D3}.Debug|iPhoneSimulator.Build.0 = Debug|Any CPU
		{F81B1299-CF45-4930-A4A8-3FA981C0C7D3}.Debug|x64.ActiveCfg = Debug|Any CPU
		{F81B1299-CF45-4930-A4A8-3FA981C0C7D3}.Debug|x64.Build.0 = Debug|Any CPU
		{F81B1299-CF45-4930-A4A8-3FA981C0C7D3}.Debug|x86.ActiveCfg = Debug|Any CPU
		{F81B1299-CF45-4930-A4A8-3FA981C0C7D3}.Debug|x86.Build.0 = Debug|Any CPU
		{F81B1299-CF45-4930-A4A8-3FA981C0C7D3}.Release|Any CPU.ActiveCfg = Release|Any CPU
		{F81B1299-CF45-4930-A4A8-3FA981C0C7D3}.Release|Any CPU.Build.0 = Release|Any CPU
		{F81B1299-CF45-4930-A4A8-3FA981C0C7D3}.Release|ARM.ActiveCfg = Release|Any CPU
		{F81B1299-CF45-4930-A4A8-3FA981C0C7D3}.Release|ARM.Build.0 = Release|Any CPU
		{F81B1299-CF45-4930-A4A8-3FA981C0C7D3}.Release|iPhone.ActiveCfg = Release|Any CPU
		{F81B1299-CF45-4930-A4A8-3FA981C0C7D3}.Release|iPhone.Build.0 = Release|Any CPU
		{F81B1299-CF45-4930-A4A8-3FA981C0C7D3}.Release|iPhoneSimulator.ActiveCfg = Release|Any CPU
		{F81B1299-CF45-4930-A4A8-3FA981C0C7D3}.Release|iPhoneSimulator.Build.0 = Release|Any CPU
		{F81B1299-CF45-4930-A4A8-3FA981C0C7D3}.Release|x64.ActiveCfg = Release|Any CPU
		{F81B1299-CF45-4930-A4A8-3FA981C0C7D3}.Release|x64.Build.0 = Release|Any CPU
		{F81B1299-CF45-4930-A4A8-3FA981C0C7D3}.Release|x86.ActiveCfg = Release|Any CPU
		{F81B1299-CF45-4930-A4A8-3FA981C0C7D3}.Release|x86.Build.0 = Release|Any CPU
		{B9F4E9A1-6BAF-4A1E-B6A1-3739CE8DB2B8}.Ad-Hoc|Any CPU.ActiveCfg = Debug|Any CPU
		{B9F4E9A1-6BAF-4A1E-B6A1-3739CE8DB2B8}.Ad-Hoc|Any CPU.Build.0 = Debug|Any CPU
		{B9F4E9A1-6BAF-4A1E-B6A1-3739CE8DB2B8}.Ad-Hoc|ARM.ActiveCfg = Debug|Any CPU
		{B9F4E9A1-6BAF-4A1E-B6A1-3739CE8DB2B8}.Ad-Hoc|ARM.Build.0 = Debug|Any CPU
		{B9F4E9A1-6BAF-4A1E-B6A1-3739CE8DB2B8}.Ad-Hoc|iPhone.ActiveCfg = Debug|Any CPU
		{B9F4E9A1-6BAF-4A1E-B6A1-3739CE8DB2B8}.Ad-Hoc|iPhone.Build.0 = Debug|Any CPU
		{B9F4E9A1-6BAF-4A1E-B6A1-3739CE8DB2B8}.Ad-Hoc|iPhoneSimulator.ActiveCfg = Debug|Any CPU
		{B9F4E9A1-6BAF-4A1E-B6A1-3739CE8DB2B8}.Ad-Hoc|iPhoneSimulator.Build.0 = Debug|Any CPU
		{B9F4E9A1-6BAF-4A1E-B6A1-3739CE8DB2B8}.Ad-Hoc|x64.ActiveCfg = Debug|Any CPU
		{B9F4E9A1-6BAF-4A1E-B6A1-3739CE8DB2B8}.Ad-Hoc|x64.Build.0 = Debug|Any CPU
		{B9F4E9A1-6BAF-4A1E-B6A1-3739CE8DB2B8}.Ad-Hoc|x86.ActiveCfg = Debug|Any CPU
		{B9F4E9A1-6BAF-4A1E-B6A1-3739CE8DB2B8}.Ad-Hoc|x86.Build.0 = Debug|Any CPU
		{B9F4E9A1-6BAF-4A1E-B6A1-3739CE8DB2B8}.AppStore|Any CPU.ActiveCfg = Debug|Any CPU
		{B9F4E9A1-6BAF-4A1E-B6A1-3739CE8DB2B8}.AppStore|Any CPU.Build.0 = Debug|Any CPU
		{B9F4E9A1-6BAF-4A1E-B6A1-3739CE8DB2B8}.AppStore|ARM.ActiveCfg = Debug|Any CPU
		{B9F4E9A1-6BAF-4A1E-B6A1-3739CE8DB2B8}.AppStore|ARM.Build.0 = Debug|Any CPU
		{B9F4E9A1-6BAF-4A1E-B6A1-3739CE8DB2B8}.AppStore|iPhone.ActiveCfg = Debug|Any CPU
		{B9F4E9A1-6BAF-4A1E-B6A1-3739CE8DB2B8}.AppStore|iPhone.Build.0 = Debug|Any CPU
		{B9F4E9A1-6BAF-4A1E-B6A1-3739CE8DB2B8}.AppStore|iPhoneSimulator.ActiveCfg = Debug|Any CPU
		{B9F4E9A1-6BAF-4A1E-B6A1-3739CE8DB2B8}.AppStore|iPhoneSimulator.Build.0 = Debug|Any CPU
		{B9F4E9A1-6BAF-4A1E-B6A1-3739CE8DB2B8}.AppStore|x64.ActiveCfg = Debug|Any CPU
		{B9F4E9A1-6BAF-4A1E-B6A1-3739CE8DB2B8}.AppStore|x64.Build.0 = Debug|Any CPU
		{B9F4E9A1-6BAF-4A1E-B6A1-3739CE8DB2B8}.AppStore|x86.ActiveCfg = Debug|Any CPU
		{B9F4E9A1-6BAF-4A1E-B6A1-3739CE8DB2B8}.AppStore|x86.Build.0 = Debug|Any CPU
		{B9F4E9A1-6BAF-4A1E-B6A1-3739CE8DB2B8}.Debug|Any CPU.ActiveCfg = Debug|Any CPU
		{B9F4E9A1-6BAF-4A1E-B6A1-3739CE8DB2B8}.Debug|Any CPU.Build.0 = Debug|Any CPU
		{B9F4E9A1-6BAF-4A1E-B6A1-3739CE8DB2B8}.Debug|ARM.ActiveCfg = Debug|Any CPU
		{B9F4E9A1-6BAF-4A1E-B6A1-3739CE8DB2B8}.Debug|ARM.Build.0 = Debug|Any CPU
		{B9F4E9A1-6BAF-4A1E-B6A1-3739CE8DB2B8}.Debug|iPhone.ActiveCfg = Debug|Any CPU
		{B9F4E9A1-6BAF-4A1E-B6A1-3739CE8DB2B8}.Debug|iPhone.Build.0 = Debug|Any CPU
		{B9F4E9A1-6BAF-4A1E-B6A1-3739CE8DB2B8}.Debug|iPhoneSimulator.ActiveCfg = Debug|Any CPU
		{B9F4E9A1-6BAF-4A1E-B6A1-3739CE8DB2B8}.Debug|iPhoneSimulator.Build.0 = Debug|Any CPU
		{B9F4E9A1-6BAF-4A1E-B6A1-3739CE8DB2B8}.Debug|x64.ActiveCfg = Debug|Any CPU
		{B9F4E9A1-6BAF-4A1E-B6A1-3739CE8DB2B8}.Debug|x64.Build.0 = Debug|Any CPU
		{B9F4E9A1-6BAF-4A1E-B6A1-3739CE8DB2B8}.Debug|x86.ActiveCfg = Debug|Any CPU
		{B9F4E9A1-6BAF-4A1E-B6A1-3739CE8DB2B8}.Debug|x86.Build.0 = Debug|Any CPU
		{B9F4E9A1-6BAF-4A1E-B6A1-3739CE8DB2B8}.Release|Any CPU.ActiveCfg = Release|Any CPU
		{B9F4E9A1-6BAF-4A1E-B6A1-3739CE8DB2B8}.Release|Any CPU.Build.0 = Release|Any CPU
		{B9F4E9A1-6BAF-4A1E-B6A1-3739CE8DB2B8}.Release|ARM.ActiveCfg = Release|Any CPU
		{B9F4E9A1-6BAF-4A1E-B6A1-3739CE8DB2B8}.Release|ARM.Build.0 = Release|Any CPU
		{B9F4E9A1-6BAF-4A1E-B6A1-3739CE8DB2B8}.Release|iPhone.ActiveCfg = Release|Any CPU
		{B9F4E9A1-6BAF-4A1E-B6A1-3739CE8DB2B8}.Release|iPhone.Build.0 = Release|Any CPU
		{B9F4E9A1-6BAF-4A1E-B6A1-3739CE8DB2B8}.Release|iPhoneSimulator.ActiveCfg = Release|Any CPU
		{B9F4E9A1-6BAF-4A1E-B6A1-3739CE8DB2B8}.Release|iPhoneSimulator.Build.0 = Release|Any CPU
		{B9F4E9A1-6BAF-4A1E-B6A1-3739CE8DB2B8}.Release|x64.ActiveCfg = Release|Any CPU
		{B9F4E9A1-6BAF-4A1E-B6A1-3739CE8DB2B8}.Release|x64.Build.0 = Release|Any CPU
		{B9F4E9A1-6BAF-4A1E-B6A1-3739CE8DB2B8}.Release|x86.ActiveCfg = Release|Any CPU
		{B9F4E9A1-6BAF-4A1E-B6A1-3739CE8DB2B8}.Release|x86.Build.0 = Release|Any CPU
		{0FA570F6-85CD-4259-857C-0BB72AE23C8A}.Ad-Hoc|Any CPU.ActiveCfg = Debug|Any CPU
		{0FA570F6-85CD-4259-857C-0BB72AE23C8A}.Ad-Hoc|Any CPU.Build.0 = Debug|Any CPU
		{0FA570F6-85CD-4259-857C-0BB72AE23C8A}.Ad-Hoc|ARM.ActiveCfg = Debug|Any CPU
		{0FA570F6-85CD-4259-857C-0BB72AE23C8A}.Ad-Hoc|ARM.Build.0 = Debug|Any CPU
		{0FA570F6-85CD-4259-857C-0BB72AE23C8A}.Ad-Hoc|iPhone.ActiveCfg = Debug|Any CPU
		{0FA570F6-85CD-4259-857C-0BB72AE23C8A}.Ad-Hoc|iPhone.Build.0 = Debug|Any CPU
		{0FA570F6-85CD-4259-857C-0BB72AE23C8A}.Ad-Hoc|iPhoneSimulator.ActiveCfg = Debug|Any CPU
		{0FA570F6-85CD-4259-857C-0BB72AE23C8A}.Ad-Hoc|iPhoneSimulator.Build.0 = Debug|Any CPU
		{0FA570F6-85CD-4259-857C-0BB72AE23C8A}.Ad-Hoc|x64.ActiveCfg = Debug|Any CPU
		{0FA570F6-85CD-4259-857C-0BB72AE23C8A}.Ad-Hoc|x64.Build.0 = Debug|Any CPU
		{0FA570F6-85CD-4259-857C-0BB72AE23C8A}.Ad-Hoc|x86.ActiveCfg = Debug|Any CPU
		{0FA570F6-85CD-4259-857C-0BB72AE23C8A}.Ad-Hoc|x86.Build.0 = Debug|Any CPU
		{0FA570F6-85CD-4259-857C-0BB72AE23C8A}.AppStore|Any CPU.ActiveCfg = Debug|Any CPU
		{0FA570F6-85CD-4259-857C-0BB72AE23C8A}.AppStore|Any CPU.Build.0 = Debug|Any CPU
		{0FA570F6-85CD-4259-857C-0BB72AE23C8A}.AppStore|ARM.ActiveCfg = Debug|Any CPU
		{0FA570F6-85CD-4259-857C-0BB72AE23C8A}.AppStore|ARM.Build.0 = Debug|Any CPU
		{0FA570F6-85CD-4259-857C-0BB72AE23C8A}.AppStore|iPhone.ActiveCfg = Debug|Any CPU
		{0FA570F6-85CD-4259-857C-0BB72AE23C8A}.AppStore|iPhone.Build.0 = Debug|Any CPU
		{0FA570F6-85CD-4259-857C-0BB72AE23C8A}.AppStore|iPhoneSimulator.ActiveCfg = Debug|Any CPU
		{0FA570F6-85CD-4259-857C-0BB72AE23C8A}.AppStore|iPhoneSimulator.Build.0 = Debug|Any CPU
		{0FA570F6-85CD-4259-857C-0BB72AE23C8A}.AppStore|x64.ActiveCfg = Debug|Any CPU
		{0FA570F6-85CD-4259-857C-0BB72AE23C8A}.AppStore|x64.Build.0 = Debug|Any CPU
		{0FA570F6-85CD-4259-857C-0BB72AE23C8A}.AppStore|x86.ActiveCfg = Debug|Any CPU
		{0FA570F6-85CD-4259-857C-0BB72AE23C8A}.AppStore|x86.Build.0 = Debug|Any CPU
		{0FA570F6-85CD-4259-857C-0BB72AE23C8A}.Debug|Any CPU.ActiveCfg = Debug|Any CPU
		{0FA570F6-85CD-4259-857C-0BB72AE23C8A}.Debug|Any CPU.Build.0 = Debug|Any CPU
		{0FA570F6-85CD-4259-857C-0BB72AE23C8A}.Debug|ARM.ActiveCfg = Debug|Any CPU
		{0FA570F6-85CD-4259-857C-0BB72AE23C8A}.Debug|ARM.Build.0 = Debug|Any CPU
		{0FA570F6-85CD-4259-857C-0BB72AE23C8A}.Debug|iPhone.ActiveCfg = Debug|Any CPU
		{0FA570F6-85CD-4259-857C-0BB72AE23C8A}.Debug|iPhone.Build.0 = Debug|Any CPU
		{0FA570F6-85CD-4259-857C-0BB72AE23C8A}.Debug|iPhoneSimulator.ActiveCfg = Debug|Any CPU
		{0FA570F6-85CD-4259-857C-0BB72AE23C8A}.Debug|iPhoneSimulator.Build.0 = Debug|Any CPU
		{0FA570F6-85CD-4259-857C-0BB72AE23C8A}.Debug|x64.ActiveCfg = Debug|Any CPU
		{0FA570F6-85CD-4259-857C-0BB72AE23C8A}.Debug|x64.Build.0 = Debug|Any CPU
		{0FA570F6-85CD-4259-857C-0BB72AE23C8A}.Debug|x86.ActiveCfg = Debug|Any CPU
		{0FA570F6-85CD-4259-857C-0BB72AE23C8A}.Debug|x86.Build.0 = Debug|Any CPU
		{0FA570F6-85CD-4259-857C-0BB72AE23C8A}.Release|Any CPU.ActiveCfg = Release|Any CPU
		{0FA570F6-85CD-4259-857C-0BB72AE23C8A}.Release|Any CPU.Build.0 = Release|Any CPU
		{0FA570F6-85CD-4259-857C-0BB72AE23C8A}.Release|ARM.ActiveCfg = Release|Any CPU
		{0FA570F6-85CD-4259-857C-0BB72AE23C8A}.Release|ARM.Build.0 = Release|Any CPU
		{0FA570F6-85CD-4259-857C-0BB72AE23C8A}.Release|iPhone.ActiveCfg = Release|Any CPU
		{0FA570F6-85CD-4259-857C-0BB72AE23C8A}.Release|iPhone.Build.0 = Release|Any CPU
		{0FA570F6-85CD-4259-857C-0BB72AE23C8A}.Release|iPhoneSimulator.ActiveCfg = Release|Any CPU
		{0FA570F6-85CD-4259-857C-0BB72AE23C8A}.Release|iPhoneSimulator.Build.0 = Release|Any CPU
		{0FA570F6-85CD-4259-857C-0BB72AE23C8A}.Release|x64.ActiveCfg = Release|Any CPU
		{0FA570F6-85CD-4259-857C-0BB72AE23C8A}.Release|x64.Build.0 = Release|Any CPU
		{0FA570F6-85CD-4259-857C-0BB72AE23C8A}.Release|x86.ActiveCfg = Release|Any CPU
		{0FA570F6-85CD-4259-857C-0BB72AE23C8A}.Release|x86.Build.0 = Release|Any CPU
	EndGlobalSection
	GlobalSection(SolutionProperties) = preSolution
		HideSolutionNode = FALSE
	EndGlobalSection
	GlobalSection(ExtensibilityGlobals) = postSolution
		SolutionGuid = {80903088-8298-4E88-A33A-DC8D8701B486}
	EndGlobalSection
EndGlobal
